// !$*UTF8*$!
{
	archiveVersion = 1;
	classes = {
	};
	objectVersion = 56;
	objects = {

/* Begin PBXBuildFile section */
		4A1216082F865B35009AE5DA /* Sparkle in Frameworks */ = {isa = PBXBuildFile; productRef = 4A1216072F865B35009AE5DA /* Sparkle */; };
		A1000001 /* SwitchBoardApp.swift in Sources */ = {isa = PBXBuildFile; fileRef = A2000001 /* SwitchBoardApp.swift */; };
		A1000002 /* AppDelegate.swift in Sources */ = {isa = PBXBuildFile; fileRef = A2000002 /* AppDelegate.swift */; };
		A1000003 /* SessionManager.swift in Sources */ = {isa = PBXBuildFile; fileRef = A2000003 /* SessionManager.swift */; };
		A1000004 /* Session.swift in Sources */ = {isa = PBXBuildFile; fileRef = A2000004 /* Session.swift */; };
		A1000005 /* FloatingPanel.swift in Sources */ = {isa = PBXBuildFile; fileRef = A2000005 /* FloatingPanel.swift */; };
		A1000006 /* DashboardView.swift in Sources */ = {isa = PBXBuildFile; fileRef = A2000006 /* DashboardView.swift */; };
		A1000007 /* PreferencesView.swift in Sources */ = {isa = PBXBuildFile; fileRef = A2000007 /* PreferencesView.swift */; };
		A1000008 /* Assets.xcassets in Resources */ = {isa = PBXBuildFile; fileRef = A2000008 /* Assets.xcassets */; };
		A1000009 /* Localizable.strings in Resources */ = {isa = PBXBuildFile; fileRef = A200000B /* Localizable.strings */; };
		A100000A /* PopoverView.swift in Sources */ = {isa = PBXBuildFile; fileRef = A200000A /* PopoverView.swift */; };
		A100000B /* SB_finish.aiff in Resources */ = {isa = PBXBuildFile; fileRef = A200000D1 /* SB_finish.aiff */; };
		A100000C /* SB_dingdong.aiff in Resources */ = {isa = PBXBuildFile; fileRef = A200000D2 /* SB_dingdong.aiff */; };
		A100000D /* SB_magnificent.aiff in Resources */ = {isa = PBXBuildFile; fileRef = A200000D3 /* SB_magnificent.aiff */; };
		A100000E /* SB_brilliant.aiff in Resources */ = {isa = PBXBuildFile; fileRef = A200000D4 /* SB_brilliant.aiff */; };
		A100000F /* SB_heyhey.aiff in Resources */ = {isa = PBXBuildFile; fileRef = A200000D5 /* SB_heyhey.aiff */; };
		A1000010 /* SB_excuseme.aiff in Resources */ = {isa = PBXBuildFile; fileRef = A200000D6 /* SB_excuseme.aiff */; };
		A1000011 /* SB_eora.aiff in Resources */ = {isa = PBXBuildFile; fileRef = A200000D7 /* SB_eora.aiff */; };
		A1000012 /* SB_attention.aiff in Resources */ = {isa = PBXBuildFile; fileRef = A200000D8 /* SB_attention.aiff */; };
		A1000013 /* MCPDetector.swift in Sources */ = {isa = PBXBuildFile; fileRef = A2000012 /* MCPDetector.swift */; };
		A1000014 /* PricingTable.swift in Sources */ = {isa = PBXBuildFile; fileRef = A2000013 /* PricingTable.swift */; };
		A1000015 /* main.swift in Sources */ = {isa = PBXBuildFile; fileRef = A2000014 /* main.swift */; };
		A1000016 /* NotifyCLI.swift in Sources */ = {isa = PBXBuildFile; fileRef = A2000015 /* NotifyCLI.swift */; };
		A1000017 /* HookInstaller.swift in Sources */ = {isa = PBXBuildFile; fileRef = A2000016 /* HookInstaller.swift */; };
/* End PBXBuildFile section */

/* Begin PBXFileReference section */
		A2000001 /* SwitchBoardApp.swift */ = {isa = PBXFileReference; lastKnownFileType = sourcecode.swift; path = SwitchBoardApp.swift; sourceTree = "<group>"; };
		A2000002 /* AppDelegate.swift */ = {isa = PBXFileReference; lastKnownFileType = sourcecode.swift; path = AppDelegate.swift; sourceTree = "<group>"; };
		A2000003 /* SessionManager.swift */ = {isa = PBXFileReference; lastKnownFileType = sourcecode.swift; path = SessionManager.swift; sourceTree = "<group>"; };
		A2000004 /* Session.swift */ = {isa = PBXFileReference; lastKnownFileType = sourcecode.swift; path = Session.swift; sourceTree = "<group>"; };
		A2000005 /* FloatingPanel.swift */ = {isa = PBXFileReference; lastKnownFileType = sourcecode.swift; path = FloatingPanel.swift; sourceTree = "<group>"; };
		A2000006 /* DashboardView.swift */ = {isa = PBXFileReference; lastKnownFileType = sourcecode.swift; path = DashboardView.swift; sourceTree = "<group>"; };
		A2000007 /* PreferencesView.swift */ = {isa = PBXFileReference; lastKnownFileType = sourcecode.swift; path = PreferencesView.swift; sourceTree = "<group>"; };
		A2000008 /* Assets.xcassets */ = {isa = PBXFileReference; lastKnownFileType = folder.assetcatalog; path = Assets.xcassets; sourceTree = "<group>"; };
		A2000009 /* Info.plist */ = {isa = PBXFileReference; lastKnownFileType = text.plist.xml; path = Info.plist; sourceTree = "<group>"; };
		A200000A /* PopoverView.swift */ = {isa = PBXFileReference; lastKnownFileType = sourcecode.swift; path = PopoverView.swift; sourceTree = "<group>"; };
		A200000D1 /* SB_finish.aiff */ = {isa = PBXFileReference; lastKnownFileType = audio.aiff; path = SB_finish.aiff; sourceTree = "<group>"; };
		A200000D2 /* SB_dingdong.aiff */ = {isa = PBXFileReference; lastKnownFileType = audio.aiff; path = SB_dingdong.aiff; sourceTree = "<group>"; };
		A200000D3 /* SB_magnificent.aiff */ = {isa = PBXFileReference; lastKnownFileType = audio.aiff; path = SB_magnificent.aiff; sourceTree = "<group>"; };
		A200000D4 /* SB_brilliant.aiff */ = {isa = PBXFileReference; lastKnownFileType = audio.aiff; path = SB_brilliant.aiff; sourceTree = "<group>"; };
		A200000D5 /* SB_heyhey.aiff */ = {isa = PBXFileReference; lastKnownFileType = audio.aiff; path = SB_heyhey.aiff; sourceTree = "<group>"; };
		A200000D6 /* SB_excuseme.aiff */ = {isa = PBXFileReference; lastKnownFileType = audio.aiff; path = SB_excuseme.aiff; sourceTree = "<group>"; };
		A200000D7 /* SB_eora.aiff */ = {isa = PBXFileReference; lastKnownFileType = audio.aiff; path = SB_eora.aiff; sourceTree = "<group>"; };
		A200000D8 /* SB_attention.aiff */ = {isa = PBXFileReference; lastKnownFileType = audio.aiff; path = SB_attention.aiff; sourceTree = "<group>"; };
		A200000C /* en */ = {isa = PBXFileReference; lastKnownFileType = text.plist.strings; name = en; path = en.lproj/Localizable.strings; sourceTree = "<group>"; };
		A200000D /* ko */ = {isa = PBXFileReference; lastKnownFileType = text.plist.strings; name = ko; path = ko.lproj/Localizable.strings; sourceTree = "<group>"; };
		A200000E /* ja */ = {isa = PBXFileReference; lastKnownFileType = text.plist.strings; name = ja; path = ja.lproj/Localizable.strings; sourceTree = "<group>"; };
		A200000F /* zh-Hans */ = {isa = PBXFileReference; lastKnownFileType = text.plist.strings; name = "zh-Hans"; path = "zh-Hans.lproj/Localizable.strings"; sourceTree = "<group>"; };
		A2000010 /* SwitchBoard.app */ = {isa = PBXFileReference; explicitFileType = wrapper.application; includeInIndex = 0; path = SwitchBoard.app; sourceTree = BUILT_PRODUCTS_DIR; };
		A2000011 /* zh-Hant */ = {isa = PBXFileReference; lastKnownFileType = text.plist.strings; name = "zh-Hant"; path = "zh-Hant.lproj/Localizable.strings"; sourceTree = "<group>"; };
		A2000012 /* MCPDetector.swift */ = {isa = PBXFileReference; lastKnownFileType = sourcecode.swift; path = MCPDetector.swift; sourceTree = "<group>"; };
		A2000013 /* PricingTable.swift */ = {isa = PBXFileReference; lastKnownFileType = sourcecode.swift; path = PricingTable.swift; sourceTree = "<group>"; };
		A2000014 /* main.swift */ = {isa = PBXFileReference; lastKnownFileType = sourcecode.swift; path = main.swift; sourceTree = "<group>"; };
		A2000015 /* NotifyCLI.swift */ = {isa = PBXFileReference; lastKnownFileType = sourcecode.swift; path = NotifyCLI.swift; sourceTree = "<group>"; };
		A2000016 /* HookInstaller.swift */ = {isa = PBXFileReference; lastKnownFileType = sourcecode.swift; path = HookInstaller.swift; sourceTree = "<group>"; };
/* End PBXFileReference section */

/* Begin PBXFrameworksBuildPhase section */
		A3000001 /* Frameworks */ = {
			isa = PBXFrameworksBuildPhase;
			buildActionMask = 2147483647;
			files = (
				4A1216082F865B35009AE5DA /* Sparkle in Frameworks */,
			);
			runOnlyForDeploymentPostprocessing = 0;
		};
/* End PBXFrameworksBuildPhase section */

/* Begin PBXGroup section */
		A4000001 = {
			isa = PBXGroup;
			children = (
				A4000002 /* SwitchBoard */,
				A4000003 /* Products */,
			);
			sourceTree = "<group>";
		};
		A4000002 /* SwitchBoard */ = {
			isa = PBXGroup;
			children = (
				A2000014 /* main.swift */,
				A2000001 /* SwitchBoardApp.swift */,
				A2000002 /* AppDelegate.swift */,
				A2000015 /* NotifyCLI.swift */,
				A2000016 /* HookInstaller.swift */,
				A2000003 /* SessionManager.swift */,
				A2000004 /* Session.swift */,
				A2000012 /* MCPDetector.swift */,
				A2000013 /* PricingTable.swift */,
				A2000005 /* FloatingPanel.swift */,
				A2000006 /* DashboardView.swift */,
				A2000007 /* PreferencesView.swift */,
				A200000A /* PopoverView.swift */,
				A200000D1 /* SB_finish.aiff */,
				A200000D2 /* SB_dingdong.aiff */,
				A200000D3 /* SB_magnificent.aiff */,
				A200000D4 /* SB_brilliant.aiff */,
				A200000D5 /* SB_heyhey.aiff */,
				A200000D6 /* SB_excuseme.aiff */,
				A200000D7 /* SB_eora.aiff */,
				A200000D8 /* SB_attention.aiff */,
				A2000008 /* Assets.xcassets */,
				A2000009 /* Info.plist */,
				A200000B /* Localizable.strings */,
			);
			path = SwitchBoard;
			sourceTree = "<group>";
		};
		A4000003 /* Products */ = {
			isa = PBXGroup;
			children = (
				A2000010 /* SwitchBoard.app */,
			);
			name = Products;
			sourceTree = "<group>";
		};
/* End PBXGroup section */

/* Begin PBXNativeTarget section */
		A5000001 /* SwitchBoard */ = {
			isa = PBXNativeTarget;
			buildConfigurationList = A7000003 /* Build configuration list for PBXNativeTarget "SwitchBoard" */;
			buildPhases = (
				A6000001 /* Sources */,
				A3000001 /* Frameworks */,
				A6000002 /* Resources */,
			);
			buildRules = (
			);
			dependencies = (
			);
			name = SwitchBoard;
			productName = SwitchBoard;
			productReference = A2000010 /* SwitchBoard.app */;
			productType = "com.apple.product-type.application";
		};
/* End PBXNativeTarget section */

/* Begin PBXProject section */
		A8000001 /* Project object */ = {
			isa = PBXProject;
			attributes = {
				BuildIndependentTargetsInParallel = 1;
				LastSwiftUpdateCheck = 1500;
				LastUpgradeCheck = 1500;
				TargetAttributes = {
					A5000001 = {
						CreatedOnToolsVersion = 15.0;
					};
				};
			};
			buildConfigurationList = A7000001 /* Build configuration list for PBXProject "SwitchBoard" */;
			compatibilityVersion = "Xcode 14.0";
			developmentRegion = en;
			hasScannedForEncodings = 0;
			knownRegions = (
				en,
				Base,
				ko,
				ja,
				"zh-Hans",
				"zh-Hant",
			);
			mainGroup = A4000001;
			packageReferences = (
				4A1216062F865B35009AE5DA /* XCRemoteSwiftPackageReference "Sparkle" */,
			);
			productRefGroup = A4000003 /* Products */;
			projectDirPath = "";
			projectRoot = "";
			targets = (
				A5000001 /* SwitchBoard */,
			);
		};
/* End PBXProject section */

/* Begin PBXResourcesBuildPhase section */
		A6000002 /* Resources */ = {
			isa = PBXResourcesBuildPhase;
			buildActionMask = 2147483647;
			files = (
				A1000008 /* Assets.xcassets in Resources */,
				A1000009 /* Localizable.strings in Resources */,
				A100000B /* SB_finish.aiff in Resources */,
				A100000C /* SB_dingdong.aiff in Resources */,
				A100000D /* SB_magnificent.aiff in Resources */,
				A100000E /* SB_brilliant.aiff in Resources */,
				A100000F /* SB_heyhey.aiff in Resources */,
				A1000010 /* SB_excuseme.aiff in Resources */,
				A1000011 /* SB_eora.aiff in Resources */,
				A1000012 /* SB_attention.aiff in Resources */,
			);
			runOnlyForDeploymentPostprocessing = 0;
		};
/* End PBXResourcesBuildPhase section */

/* Begin PBXSourcesBuildPhase section */
		A6000001 /* Sources */ = {
			isa = PBXSourcesBuildPhase;
			buildActionMask = 2147483647;
			files = (
				A1000015 /* main.swift in Sources */,
				A1000001 /* SwitchBoardApp.swift in Sources */,
				A1000002 /* AppDelegate.swift in Sources */,
				A1000016 /* NotifyCLI.swift in Sources */,
				A1000017 /* HookInstaller.swift in Sources */,
				A1000003 /* SessionManager.swift in Sources */,
				A1000004 /* Session.swift in Sources */,
				A1000013 /* MCPDetector.swift in Sources */,
				A1000014 /* PricingTable.swift in Sources */,
				A1000005 /* FloatingPanel.swift in Sources */,
				A1000006 /* DashboardView.swift in Sources */,
				A1000007 /* PreferencesView.swift in Sources */,
				A100000A /* PopoverView.swift in Sources */,
			);
			runOnlyForDeploymentPostprocessing = 0;
		};
/* End PBXSourcesBuildPhase section */

/* Begin PBXVariantGroup section */
		A200000B /* Localizable.strings */ = {
			isa = PBXVariantGroup;
			children = (
				A200000C /* en */,
				A200000D /* ko */,
				A200000E /* ja */,
				A200000F /* zh-Hans */,
				A2000011 /* zh-Hant */,
			);
			name = Localizable.strings;
			sourceTree = "<group>";
		};
/* End PBXVariantGroup section */

/* Begin XCBuildConfiguration section */
		A9000001 /* Debug */ = {
			isa = XCBuildConfiguration;
			buildSettings = {
				ALWAYS_SEARCH_USER_PATHS = NO;
				ASSETCATALOG_COMPILER_GENERATE_SWIFT_ASSET_SYMBOL_EXTENSIONS = YES;
				CLANG_ANALYZER_NONNULL = YES;
				CLANG_CXX_LANGUAGE_STANDARD = "gnu++20";
				CLANG_ENABLE_MODULES = YES;
				CLANG_ENABLE_OBJC_ARC = YES;
				COPY_PHASE_STRIP = NO;
				DEBUG_INFORMATION_FORMAT = dwarf;
				ENABLE_STRICT_OBJC_MSGSEND = YES;
				ENABLE_TESTABILITY = YES;
				GCC_DYNAMIC_NO_PIC = NO;
				GCC_OPTIMIZATION_LEVEL = 0;
				GCC_PREPROCESSOR_DEFINITIONS = (
					"DEBUG=1",
					"$(inherited)",
				);
				GCC_WARN_ABOUT_RETURN_TYPE = YES_ERROR;
				GCC_WARN_UNINITIALIZED_AUTOS = YES_AGGRESSIVE;
				MACOSX_DEPLOYMENT_TARGET = 13.0;
				MTL_ENABLE_DEBUG_INFO = INCLUDE_SOURCE;
				ONLY_ACTIVE_ARCH = YES;
				SDKROOT = macosx;
				SWIFT_ACTIVE_COMPILATION_CONDITIONS = "DEBUG $(inherited)";
				SWIFT_OPTIMIZATION_LEVEL = "-Onone";
			};
			name = Debug;
		};
		A9000002 /* Release */ = {
			isa = XCBuildConfiguration;
			buildSettings = {
				ALWAYS_SEARCH_USER_PATHS = NO;
				ASSETCATALOG_COMPILER_GENERATE_SWIFT_ASSET_SYMBOL_EXTENSIONS = YES;
				CLANG_ANALYZER_NONNULL = YES;
				CLANG_CXX_LANGUAGE_STANDARD = "gnu++20";
				CLANG_ENABLE_MODULES = YES;
				CLANG_ENABLE_OBJC_ARC = YES;
				COPY_PHASE_STRIP = NO;
				DEBUG_INFORMATION_FORMAT = "dwarf-with-dsym";
				ENABLE_NS_ASSERTIONS = NO;
				ENABLE_STRICT_OBJC_MSGSEND = YES;
				GCC_WARN_ABOUT_RETURN_TYPE = YES_ERROR;
				GCC_WARN_UNINITIALIZED_AUTOS = YES_AGGRESSIVE;
				MACOSX_DEPLOYMENT_TARGET = 13.0;
				SDKROOT = macosx;
				SWIFT_COMPILATION_MODE = wholemodule;
			};
			name = Release;
		};
		A9000003 /* Debug */ = {
			isa = XCBuildConfiguration;
			buildSettings = {
				ASSETCATALOG_COMPILER_APPICON_NAME = AppIcon;
				ASSETCATALOG_COMPILER_GLOBAL_ACCENT_COLOR_NAME = AccentColor;
				CODE_SIGN_ENTITLEMENTS = "";
				"CODE_SIGN_IDENTITY[sdk=macosx*]" = "Apple Development";
				CODE_SIGN_STYLE = Automatic;
				COMBINE_HIDPI_IMAGES = YES;
				CURRENT_PROJECT_VERSION = 7;
				DEVELOPMENT_TEAM = NB6Y67C2PV;
				ENABLE_HARDENED_RUNTIME = YES;
				GENERATE_INFOPLIST_FILE = YES;
				INFOPLIST_FILE = SwitchBoard/Info.plist;
				INFOPLIST_KEY_LSUIElement = NO;
				INFOPLIST_KEY_NSHumanReadableCopyright = "";
				LD_RUNPATH_SEARCH_PATHS = (
					"$(inherited)",
					"@executable_path/../Frameworks",
				);
				MARKETING_VERSION = 1.3.0;
				PRODUCT_BUNDLE_IDENTIFIER = com.app.kkiruk.switchboard;
				PRODUCT_NAME = "$(TARGET_NAME)";
				SWIFT_EMIT_LOC_STRINGS = YES;
				SWIFT_VERSION = 5.0;
			};
			name = Debug;
		};
		A9000004 /* Release */ = {
			isa = XCBuildConfiguration;
			buildSettings = {
				ASSETCATALOG_COMPILER_APPICON_NAME = AppIcon;
				ASSETCATALOG_COMPILER_GLOBAL_ACCENT_COLOR_NAME = AccentColor;
				CODE_SIGN_ENTITLEMENTS = "";
				"CODE_SIGN_IDENTITY[sdk=macosx*]" = "Developer ID Application";
				CODE_SIGN_STYLE = Manual;
				COMBINE_HIDPI_IMAGES = YES;
				CURRENT_PROJECT_VERSION = 7;
				DEVELOPMENT_TEAM = "";
				"DEVELOPMENT_TEAM[sdk=macosx*]" = NB6Y67C2PV;
				ENABLE_HARDENED_RUNTIME = YES;
				GENERATE_INFOPLIST_FILE = YES;
				INFOPLIST_FILE = SwitchBoard/Info.plist;
				INFOPLIST_KEY_LSUIElement = NO;
				INFOPLIST_KEY_NSHumanReadableCopyright = "";
				LD_RUNPATH_SEARCH_PATHS = (
					"$(inherited)",
					"@executable_path/../Frameworks",
				);
				MARKETING_VERSION = 1.3.0;
				PRODUCT_BUNDLE_IDENTIFIER = com.app.kkiruk.switchboard;
				PRODUCT_NAME = "$(TARGET_NAME)";
				PROVISIONING_PROFILE_SPECIFIER = "";
				SWIFT_EMIT_LOC_STRINGS = YES;
				SWIFT_VERSION = 5.0;
			};
			name = Release;
		};
/* End XCBuildConfiguration section */

/* Begin XCConfigurationList section */
		A7000001 /* Build configuration list for PBXProject "SwitchBoard" */ = {
			isa = XCConfigurationList;
			buildConfigurations = (
				A9000001 /* Debug */,
				A9000002 /* Release */,
			);
			defaultConfigurationIsVisible = 0;
			defaultConfigurationName = Release;
		};
		A7000003 /* Build configuration list for PBXNativeTarget "SwitchBoard" */ = {
			isa = XCConfigurationList;
			buildConfigurations = (
				A9000003 /* Debug */,
				A9000004 /* Release */,
			);
			defaultConfigurationIsVisible = 0;
			defaultConfigurationName = Release;
		};
/* End XCConfigurationList section */

/* Begin XCRemoteSwiftPackageReference section */
		4A1216062F865B35009AE5DA /* XCRemoteSwiftPackageReference "Sparkle" */ = {
			isa = XCRemoteSwiftPackageReference;
			repositoryURL = "https://github.com/sparkle-project/Sparkle";
			requirement = {
				kind = upToNextMajorVersion;
				minimumVersion = 2.9.1;
			};
		};
/* End XCRemoteSwiftPackageReference section */

/* Begin XCSwiftPackageProductDependency section */
		4A1216072F865B35009AE5DA /* Sparkle */ = {
			isa = XCSwiftPackageProductDependency;
			package = 4A1216062F865B35009AE5DA /* XCRemoteSwiftPackageReference "Sparkle" */;
			productName = Sparkle;
		};
/* End XCSwiftPackageProductDependency section */
	};
	rootObject = A8000001 /* Project object */;
}
